version = 1
revision = 2
requires-python = ">=3.11"

[[package]]
name = "cffi"
version = "1.17.1"
source = { registry = "https://pypi.org/simple" }
dependencies = [
    { name = "pycparser" },
]
sdist = { url = "https://files.pythonhosted.org/packages/fc/97/c783634659c2920c3fc70419e3af40972dbaf758daa229a7d6ea6135c90d/cffi-1.17.1.tar.gz", hash = "sha256:1c39c6016c32bc48dd54561950ebd6836e1670f2ae46128f67cf49e789c52824", size = 516621, upload-time = "2024-09-04T20:45:21.852Z" }
wheels = [
    { url = "https://files.pythonhosted.org/packages/6b/f4/927e3a8899e52a27fa57a48607ff7dc91a9ebe97399b357b85a0c7892e00/cffi-1.17.1-cp311-cp311-macosx_10_9_x86_64.whl", hash = "sha256:a45e3c6913c5b87b3ff120dcdc03f6131fa0065027d0ed7ee6190736a74cd401", size = 182264, upload-time = "2024-09-04T20:43:51.124Z" },
    { url = "https://files.pythonhosted.org/packages/6c/f5/6c3a8efe5f503175aaddcbea6ad0d2c96dad6f5abb205750d1b3df44ef29/cffi-1.17.1-cp311-cp311-macosx_11_0_arm64.whl", hash = "sha256:30c5e0cb5ae493c04c8b42916e52ca38079f1b235c2f8ae5f4527b963c401caf", size = 178651, upload-time = "2024-09-04T20:43:52.872Z" },
    { url = "https://files.pythonhosted.org/packages/94/dd/a3f0118e688d1b1a57553da23b16bdade96d2f9bcda4d32e7d2838047ff7/cffi-1.17.1-cp311-cp311-manylinux_2_12_i686.manylinux2010_i686.manylinux_2_17_i686.manylinux2014_i686.whl", hash = "sha256:f75c7ab1f9e4aca5414ed4d8e5c0e303a34f4421f8a0d47a4d019ceff0ab6af4", size = 445259, upload-time = "2024-09-04T20:43:56.123Z" },
    { url = "https://files.pythonhosted.org/packages/2e/ea/70ce63780f096e16ce8588efe039d3c4f91deb1dc01e9c73a287939c79a6/cffi-1.17.1-cp311-cp311-manylinux_2_17_aarch64.manylinux2014_aarch64.whl", hash = "sha256:a1ed2dd2972641495a3ec98445e09766f077aee98a1c896dcb4ad0d303628e41", size = 469200, upload-time = "2024-09-04T20:43:57.891Z" },
    { url = "https://files.pythonhosted.org/packages/1c/a0/a4fa9f4f781bda074c3ddd57a572b060fa0df7655d2a4247bbe277200146/cffi-1.17.1-cp311-cp311-manylinux_2_17_ppc64le.manylinux2014_ppc64le.whl", hash = "sha256:46bf43160c1a35f7ec506d254e5c890f3c03648a4dbac12d624e4490a7046cd1", size = 477235, upload-time = "2024-09-04T20:44:00.18Z" },
    { url = "https://files.pythonhosted.org/packages/62/12/ce8710b5b8affbcdd5c6e367217c242524ad17a02fe5beec3ee339f69f85/cffi-1.17.1-cp311-cp311-manylinux_2_17_s390x.manylinux2014_s390x.whl", hash = "sha256:a24ed04c8ffd54b0729c07cee15a81d964e6fee0e3d4d342a27b020d22959dc6", size = 459721, upload-time = "2024-09-04T20:44:01.585Z" },
    { url = "https://files.pythonhosted.org/packages/ff/6b/d45873c5e0242196f042d555526f92aa9e0c32355a1be1ff8c27f077fd37/cffi-1.17.1-cp311-cp311-manylinux_2_17_x86_64.manylinux2014_x86_64.whl", hash = "sha256:610faea79c43e44c71e1ec53a554553fa22321b65fae24889706c0a84d4ad86d", size = 467242, upload-time = "2024-09-04T20:44:03.467Z" },
    { url = "https://files.pythonhosted.org/packages/1a/52/d9a0e523a572fbccf2955f5abe883cfa8bcc570d7faeee06336fbd50c9fc/cffi-1.17.1-cp311-cp311-musllinux_1_1_aarch64.whl", hash = "sha256:a9b15d491f3ad5d692e11f6b71f7857e7835eb677955c00cc0aefcd0669adaf6", size = 477999, upload-time = "2024-09-04T20:44:05.023Z" },
    { url = "https://files.pythonhosted.org/packages/44/74/f2a2460684a1a2d00ca799ad880d54652841a780c4c97b87754f660c7603/cffi-1.17.1-cp311-cp311-musllinux_1_1_i686.whl", hash = "sha256:de2ea4b5833625383e464549fec1bc395c1bdeeb5f25c4a3a82b5a8c756ec22f", size = 454242, upload-time = "2024-09-04T20:44:06.444Z" },
    { url = "https://files.pythonhosted.org/packages/f8/4a/34599cac7dfcd888ff54e801afe06a19c17787dfd94495ab0c8d35fe99fb/cffi-1.17.1-cp311-cp311-musllinux_1_1_x86_64.whl", hash = "sha256:fc48c783f9c87e60831201f2cce7f3b2e4846bf4d8728eabe54d60700b318a0b", size = 478604, upload-time = "2024-09-04T20:44:08.206Z" },
    { url = "https://files.pythonhosted.org/packages/34/33/e1b8a1ba29025adbdcda5fb3a36f94c03d771c1b7b12f726ff7fef2ebe36/cffi-1.17.1-cp311-cp311-win32.whl", hash = "sha256:85a950a4ac9c359340d5963966e3e0a94a676bd6245a4b55bc43949eee26a655", size = 171727, upload-time = "2024-09-04T20:44:09.481Z" },
    { url = "https://files.pythonhosted.org/packages/3d/97/50228be003bb2802627d28ec0627837ac0bf35c90cf769812056f235b2d1/cffi-1.17.1-cp311-cp311-win_amd64.whl", hash = "sha256:caaf0640ef5f5517f49bc275eca1406b0ffa6aa184892812030f04c2abf589a0", size = 181400, upload-time = "2024-09-04T20:44:10.873Z" },
    { url = "https://files.pythonhosted.org/packages/5a/84/e94227139ee5fb4d600a7a4927f322e1d4aea6fdc50bd3fca8493caba23f/cffi-1.17.1-cp312-cp312-macosx_10_9_x86_64.whl", hash = "sha256:805b4371bf7197c329fcb3ead37e710d1bca9da5d583f5073b799d5c5bd1eee4", size = 183178, upload-time = "2024-09-04T20:44:12.232Z" },
    { url = "https://files.pythonhosted.org/packages/da/ee/fb72c2b48656111c4ef27f0f91da355e130a923473bf5ee75c5643d00cca/cffi-1.17.1-cp312-cp312-macosx_11_0_arm64.whl", hash = "sha256:733e99bc2df47476e3848417c5a4540522f234dfd4ef3ab7fafdf555b082ec0c", size = 178840, upload-time = "2024-09-04T20:44:13.739Z" },
    { url = "https://files.pythonhosted.org/packages/cc/b6/db007700f67d151abadf508cbfd6a1884f57eab90b1bb985c4c8c02b0f28/cffi-1.17.1-cp312-cp312-manylinux_2_12_i686.manylinux2010_i686.manylinux_2_17_i686.manylinux2014_i686.whl", hash = "sha256:1257bdabf294dceb59f5e70c64a3e2f462c30c7ad68092d01bbbfb1c16b1ba36", size = 454803, upload-time = "2024-09-04T20:44:15.231Z" },
    { url = "https://files.pythonhosted.org/packages/1a/df/f8d151540d8c200eb1c6fba8cd0dfd40904f1b0682ea705c36e6c2e97ab3/cffi-1.17.1-cp312-cp312-manylinux_2_17_aarch64.manylinux2014_aarch64.whl", hash = "sha256:da95af8214998d77a98cc14e3a3bd00aa191526343078b530ceb0bd710fb48a5", size = 478850, upload-time = "2024-09-04T20:44:17.188Z" },
    { url = "https://files.pythonhosted.org/packages/28/c0/b31116332a547fd2677ae5b78a2ef662dfc8023d67f41b2a83f7c2aa78b1/cffi-1.17.1-cp312-cp312-manylinux_2_17_ppc64le.manylinux2014_ppc64le.whl", hash = "sha256:d63afe322132c194cf832bfec0dc69a99fb9bb6bbd550f161a49e9e855cc78ff", size = 485729, upload-time = "2024-09-04T20:44:18.688Z" },
    { url = "https://files.pythonhosted.org/packages/91/2b/9a1ddfa5c7f13cab007a2c9cc295b70fbbda7cb10a286aa6810338e60ea1/cffi-1.17.1-cp312-cp312-manylinux_2_17_s390x.manylinux2014_s390x.whl", hash = "sha256:f79fc4fc25f1c8698ff97788206bb3c2598949bfe0fef03d299eb1b5356ada99", size = 471256, upload-time = "2024-09-04T20:44:20.248Z" },
    { url = "https://files.pythonhosted.org/packages/b2/d5/da47df7004cb17e4955df6a43d14b3b4ae77737dff8bf7f8f333196717bf/cffi-1.17.1-cp312-cp312-manylinux_2_17_x86_64.manylinux2014_x86_64.whl", hash = "sha256:b62ce867176a75d03a665bad002af8e6d54644fad99a3c70905c543130e39d93", size = 479424, upload-time = "2024-09-04T20:44:21.673Z" },
    { url = "https://files.pythonhosted.org/packages/0b/ac/2a28bcf513e93a219c8a4e8e125534f4f6db03e3179ba1c45e949b76212c/cffi-1.17.1-cp312-cp312-musllinux_1_1_aarch64.whl", hash = "sha256:386c8bf53c502fff58903061338ce4f4950cbdcb23e2902d86c0f722b786bbe3", size = 484568, upload-time = "2024-09-04T20:44:23.245Z" },
    { url = "https://files.pythonhosted.org/packages/d4/38/ca8a4f639065f14ae0f1d9751e70447a261f1a30fa7547a828ae08142465/cffi-1.17.1-cp312-cp312-musllinux_1_1_x86_64.whl", hash = "sha256:4ceb10419a9adf4460ea14cfd6bc43d08701f0835e979bf821052f1805850fe8", size = 488736, upload-time = "2024-09-04T20:44:24.757Z" },
    { url = "https://files.pythonhosted.org/packages/86/c5/28b2d6f799ec0bdecf44dced2ec5ed43e0eb63097b0f58c293583b406582/cffi-1.17.1-cp312-cp312-win32.whl", hash = "sha256:a08d7e755f8ed21095a310a693525137cfe756ce62d066e53f502a83dc550f65", size = 172448, upload-time = "2024-09-04T20:44:26.208Z" },
    { url = "https://files.pythonhosted.org/packages/50/b9/db34c4755a7bd1cb2d1603ac3863f22bcecbd1ba29e5ee841a4bc510b294/cffi-1.17.1-cp312-cp312-win_amd64.whl", hash = "sha256:51392eae71afec0d0c8fb1a53b204dbb3bcabcb3c9b807eedf3e1e6ccf2de903", size = 181976, upload-time = "2024-09-04T20:44:27.578Z" },
    { url = "https://files.pythonhosted.org/packages/8d/f8/dd6c246b148639254dad4d6803eb6a54e8c85c6e11ec9df2cffa87571dbe/cffi-1.17.1-cp313-cp313-macosx_10_13_x86_64.whl", hash = "sha256:f3a2b4222ce6b60e2e8b337bb9596923045681d71e5a082783484d845390938e", size = 182989, upload-time = "2024-09-04T20:44:28.956Z" },
    { url = "https://files.pythonhosted.org/packages/8b/f1/672d303ddf17c24fc83afd712316fda78dc6fce1cd53011b839483e1ecc8/cffi-1.17.1-cp313-cp313-macosx_11_0_arm64.whl", hash = "sha256:0984a4925a435b1da406122d4d7968dd861c1385afe3b45ba82b750f229811e2", size = 178802, upload-time = "2024-09-04T20:44:30.289Z" },
    { url = "https://files.pythonhosted.org/packages/0e/2d/eab2e858a91fdff70533cab61dcff4a1f55ec60425832ddfdc9cd36bc8af/cffi-1.17.1-cp313-cp313-manylinux_2_12_i686.manylinux2010_i686.manylinux_2_17_i686.manylinux2014_i686.whl", hash = "sha256:d01b12eeeb4427d3110de311e1774046ad344f5b1a7403101878976ecd7a10f3", size = 454792, upload-time = "2024-09-04T20:44:32.01Z" },
    { url = "https://files.pythonhosted.org/packages/75/b2/fbaec7c4455c604e29388d55599b99ebcc250a60050610fadde58932b7ee/cffi-1.17.1-cp313-cp313-manylinux_2_17_aarch64.manylinux2014_aarch64.whl", hash = "sha256:706510fe141c86a69c8ddc029c7910003a17353970cff3b904ff0686a5927683", size = 478893, upload-time = "2024-09-04T20:44:33.606Z" },
    { url = "https://files.pythonhosted.org/packages/4f/b7/6e4a2162178bf1935c336d4da8a9352cccab4d3a5d7914065490f08c0690/cffi-1.17.1-cp313-cp313-manylinux_2_17_ppc64le.manylinux2014_ppc64le.whl", hash = "sha256:de55b766c7aa2e2a3092c51e0483d700341182f08e67c63630d5b6f200bb28e5", size = 485810, upload-time = "2024-09-04T20:44:35.191Z" },
    { url = "https://files.pythonhosted.org/packages/c7/8a/1d0e4a9c26e54746dc08c2c6c037889124d4f59dffd853a659fa545f1b40/cffi-1.17.1-cp313-cp313-manylinux_2_17_s390x.manylinux2014_s390x.whl", hash = "sha256:c59d6e989d07460165cc5ad3c61f9fd8f1b4796eacbd81cee78957842b834af4", size = 471200, upload-time = "2024-09-04T20:44:36.743Z" },
    { url = "https://files.pythonhosted.org/packages/26/9f/1aab65a6c0db35f43c4d1b4f580e8df53914310afc10ae0397d29d697af4/cffi-1.17.1-cp313-cp313-manylinux_2_17_x86_64.manylinux2014_x86_64.whl", hash = "sha256:dd398dbc6773384a17fe0d3e7eeb8d1a21c2200473ee6806bb5e6a8e62bb73dd", size = 479447, upload-time = "2024-09-04T20:44:38.492Z" },
    { url = "https://files.pythonhosted.org/packages/5f/e4/fb8b3dd8dc0e98edf1135ff067ae070bb32ef9d509d6cb0f538cd6f7483f/cffi-1.17.1-cp313-cp313-musllinux_1_1_aarch64.whl", hash = "sha256:3edc8d958eb099c634dace3c7e16560ae474aa3803a5df240542b305d14e14ed", size = 484358, upload-time = "2024-09-04T20:44:40.046Z" },
    { url = "https://files.pythonhosted.org/packages/f1/47/d7145bf2dc04684935d57d67dff9d6d795b2ba2796806bb109864be3a151/cffi-1.17.1-cp313-cp313-musllinux_1_1_x86_64.whl", hash = "sha256:72e72408cad3d5419375fc87d289076ee319835bdfa2caad331e377589aebba9", size = 488469, upload-time = "2024-09-04T20:44:41.616Z" },
    { url = "https://files.pythonhosted.org/packages/bf/ee/f94057fa6426481d663b88637a9a10e859e492c73d0384514a17d78ee205/cffi-1.17.1-cp313-cp313-win32.whl", hash = "sha256:e03eab0a8677fa80d646b5ddece1cbeaf556c313dcfac435ba11f107ba117b5d", size = 172475, upload-time = "2024-09-04T20:44:43.733Z" },
    { url = "https://files.pythonhosted.org/packages/7c/fc/6a8cb64e5f0324877d503c854da15d76c1e50eb722e320b15345c4d0c6de/cffi-1.17.1-cp313-cp313-win_amd64.whl", hash = "sha256:f6a16c31041f09ead72d69f583767292f750d24913dadacf5756b966aacb3f1a", size = 182009, upload-time = "2024-09-04T20:44:45.309Z" },
]

[[package]]
name = "ocior-mvbah"
version = "0.1.0"
source = { virtual = "." }
dependencies = [
    { name = "pyzmq" },
    { name = "reedsolo" },
]

[package.metadata]
requires-dist = [
    { name = "pyzmq", specifier = ">=27.0.0" },
    { name = "reedsolo", specifier = ">=1.7.0" },
]

[[package]]
name = "pycparser"
version = "2.22"
source = { registry = "https://pypi.org/simple" }
sdist = { url = "https://files.pythonhosted.org/packages/1d/b2/31537cf4b1ca988837256c910a668b553fceb8f069bedc4b1c826024b52c/pycparser-2.22.tar.gz", hash = "sha256:491c8be9c040f5390f5bf44a5b07752bd07f56edf992381b05c701439eec10f6", size = 172736, upload-time = "2024-03-30T13:22:22.564Z" }
wheels = [
    { url = "https://files.pythonhosted.org/packages/13/a3/a812df4e2dd5696d1f351d58b8fe16a405b234ad2886a0dab9183fb78109/pycparser-2.22-py3-none-any.whl", hash = "sha256:c3702b6d3dd8c7abc1afa565d7e63d53a1d0bd86cdc24edd75470f4de499cfcc", size = 117552, upload-time = "2024-03-30T13:22:20.476Z" },
]

[[package]]
name = "pyzmq"
version = "27.0.0"
source = { registry = "https://pypi.org/simple" }
dependencies = [
    { name = "cffi", marker = "implementation_name == 'pypy'" },
]
sdist = { url = "https://files.pythonhosted.org/packages/f1/06/50a4e9648b3e8b992bef8eb632e457307553a89d294103213cfd47b3da69/pyzmq-27.0.0.tar.gz", hash = "sha256:b1f08eeb9ce1510e6939b6e5dcd46a17765e2333daae78ecf4606808442e52cf", size = 280478, upload-time = "2025-06-13T14:09:07.087Z" }
wheels = [
    { url = "https://files.pythonhosted.org/packages/44/df/84c630654106d9bd9339cdb564aa941ed41b023a0264251d6743766bb50e/pyzmq-27.0.0-cp311-cp311-macosx_10_15_universal2.whl", hash = "sha256:21457825249b2a53834fa969c69713f8b5a79583689387a5e7aed880963ac564", size = 1332718, upload-time = "2025-06-13T14:07:16.555Z" },
    { url = "https://files.pythonhosted.org/packages/c1/8e/f6a5461a07654d9840d256476434ae0ff08340bba562a455f231969772cb/pyzmq-27.0.0-cp311-cp311-manylinux2014_i686.manylinux_2_17_i686.whl", hash = "sha256:1958947983fef513e6e98eff9cb487b60bf14f588dc0e6bf35fa13751d2c8251", size = 908248, upload-time = "2025-06-13T14:07:18.033Z" },
    { url = "https://files.pythonhosted.org/packages/7c/93/82863e8d695a9a3ae424b63662733ae204a295a2627d52af2f62c2cd8af9/pyzmq-27.0.0-cp311-cp311-manylinux_2_27_aarch64.manylinux_2_28_aarch64.whl", hash = "sha256:c0dc628b5493f9a8cd9844b8bee9732ef587ab00002157c9329e4fc0ef4d3afa", size = 668647, upload-time = "2025-06-13T14:07:19.378Z" },
    { url = "https://files.pythonhosted.org/packages/f3/85/15278769b348121eacdbfcbd8c4d40f1102f32fa6af5be1ffc032ed684be/pyzmq-27.0.0-cp311-cp311-manylinux_2_27_x86_64.manylinux_2_28_x86_64.whl", hash = "sha256:f7bbe9e1ed2c8d3da736a15694d87c12493e54cc9dc9790796f0321794bbc91f", size = 856600, upload-time = "2025-06-13T14:07:20.906Z" },
    { url = "https://files.pythonhosted.org/packages/d4/af/1c469b3d479bd095edb28e27f12eee10b8f00b356acbefa6aeb14dd295d1/pyzmq-27.0.0-cp311-cp311-musllinux_1_2_aarch64.whl", hash = "sha256:dc1091f59143b471d19eb64f54bae4f54bcf2a466ffb66fe45d94d8d734eb495", size = 1657748, upload-time = "2025-06-13T14:07:22.549Z" },
    { url = "https://files.pythonhosted.org/packages/8c/f4/17f965d0ee6380b1d6326da842a50e4b8b9699745161207945f3745e8cb5/pyzmq-27.0.0-cp311-cp311-musllinux_1_2_i686.whl", hash = "sha256:7011ade88c8e535cf140f8d1a59428676fbbce7c6e54fefce58bf117aefb6667", size = 2034311, upload-time = "2025-06-13T14:07:23.966Z" },
    { url = "https://files.pythonhosted.org/packages/e0/6e/7c391d81fa3149fd759de45d298003de6cfab343fb03e92c099821c448db/pyzmq-27.0.0-cp311-cp311-musllinux_1_2_x86_64.whl", hash = "sha256:2c386339d7e3f064213aede5d03d054b237937fbca6dd2197ac8cf3b25a6b14e", size = 1893630, upload-time = "2025-06-13T14:07:25.899Z" },
    { url = "https://files.pythonhosted.org/packages/0e/e0/eaffe7a86f60e556399e224229e7769b717f72fec0706b70ab2c03aa04cb/pyzmq-27.0.0-cp311-cp311-win32.whl", hash = "sha256:0546a720c1f407b2172cb04b6b094a78773491497e3644863cf5c96c42df8cff", size = 567706, upload-time = "2025-06-13T14:07:27.595Z" },
    { url = "https://files.pythonhosted.org/packages/c9/05/89354a8cffdcce6e547d48adaaf7be17007fc75572123ff4ca90a4ca04fc/pyzmq-27.0.0-cp311-cp311-win_amd64.whl", hash = "sha256:15f39d50bd6c9091c67315ceb878a4f531957b121d2a05ebd077eb35ddc5efed", size = 630322, upload-time = "2025-06-13T14:07:28.938Z" },
    { url = "https://files.pythonhosted.org/packages/fa/07/4ab976d5e1e63976719389cc4f3bfd248a7f5f2bb2ebe727542363c61b5f/pyzmq-27.0.0-cp311-cp311-win_arm64.whl", hash = "sha256:c5817641eebb391a2268c27fecd4162448e03538387093cdbd8bf3510c316b38", size = 558435, upload-time = "2025-06-13T14:07:30.256Z" },
    { url = "https://files.pythonhosted.org/packages/93/a7/9ad68f55b8834ede477842214feba6a4c786d936c022a67625497aacf61d/pyzmq-27.0.0-cp312-abi3-macosx_10_15_universal2.whl", hash = "sha256:cbabc59dcfaac66655c040dfcb8118f133fb5dde185e5fc152628354c1598e52", size = 1305438, upload-time = "2025-06-13T14:07:31.676Z" },
    { url = "https://files.pythonhosted.org/packages/ba/ee/26aa0f98665a22bc90ebe12dced1de5f3eaca05363b717f6fb229b3421b3/pyzmq-27.0.0-cp312-abi3-manylinux2014_i686.manylinux_2_17_i686.whl", hash = "sha256:cb0ac5179cba4b2f94f1aa208fbb77b62c4c9bf24dd446278b8b602cf85fcda3", size = 895095, upload-time = "2025-06-13T14:07:33.104Z" },
    { url = "https://files.pythonhosted.org/packages/cf/85/c57e7ab216ecd8aa4cc7e3b83b06cc4e9cf45c87b0afc095f10cd5ce87c1/pyzmq-27.0.0-cp312-abi3-manylinux_2_27_aarch64.manylinux_2_28_aarch64.whl", hash = "sha256:53a48f0228eab6cbf69fde3aa3c03cbe04e50e623ef92ae395fce47ef8a76152", size = 651826, upload-time = "2025-06-13T14:07:34.831Z" },
    { url = "https://files.pythonhosted.org/packages/69/9a/9ea7e230feda9400fb0ae0d61d7d6ddda635e718d941c44eeab22a179d34/pyzmq-27.0.0-cp312-abi3-manylinux_2_27_x86_64.manylinux_2_28_x86_64.whl", hash = "sha256:111db5f395e09f7e775f759d598f43cb815fc58e0147623c4816486e1a39dc22", size = 839750, upload-time = "2025-06-13T14:07:36.553Z" },
    { url = "https://files.pythonhosted.org/packages/08/66/4cebfbe71f3dfbd417011daca267539f62ed0fbc68105357b68bbb1a25b7/pyzmq-27.0.0-cp312-abi3-musllinux_1_2_aarch64.whl", hash = "sha256:c8878011653dcdc27cc2c57e04ff96f0471e797f5c19ac3d7813a245bcb24371", size = 1641357, upload-time = "2025-06-13T14:07:38.21Z" },
    { url = "https://files.pythonhosted.org/packages/ac/f6/b0f62578c08d2471c791287149cb8c2aaea414ae98c6e995c7dbe008adfb/pyzmq-27.0.0-cp312-abi3-musllinux_1_2_i686.whl", hash = "sha256:c0ed2c1f335ba55b5fdc964622254917d6b782311c50e138863eda409fbb3b6d", size = 2020281, upload-time = "2025-06-13T14:07:39.599Z" },
    { url = "https://files.pythonhosted.org/packages/37/b9/4f670b15c7498495da9159edc374ec09c88a86d9cd5a47d892f69df23450/pyzmq-27.0.0-cp312-abi3-musllinux_1_2_x86_64.whl", hash = "sha256:e918d70862d4cfd4b1c187310015646a14e1f5917922ab45b29f28f345eeb6be", size = 1877110, upload-time = "2025-06-13T14:07:41.027Z" },
    { url = "https://files.pythonhosted.org/packages/66/31/9dee25c226295b740609f0d46db2fe972b23b6f5cf786360980524a3ba92/pyzmq-27.0.0-cp312-abi3-win32.whl", hash = "sha256:88b4e43cab04c3c0f0d55df3b1eef62df2b629a1a369b5289a58f6fa8b07c4f4", size = 559297, upload-time = "2025-06-13T14:07:42.533Z" },
    { url = "https://files.pythonhosted.org/packages/9b/12/52da5509800f7ff2d287b2f2b4e636e7ea0f001181cba6964ff6c1537778/pyzmq-27.0.0-cp312-abi3-win_amd64.whl", hash = "sha256:dce4199bf5f648a902ce37e7b3afa286f305cd2ef7a8b6ec907470ccb6c8b371", size = 619203, upload-time = "2025-06-13T14:07:43.843Z" },
    { url = "https://files.pythonhosted.org/packages/93/6d/7f2e53b19d1edb1eb4f09ec7c3a1f945ca0aac272099eab757d15699202b/pyzmq-27.0.0-cp312-abi3-win_arm64.whl", hash = "sha256:56e46bbb85d52c1072b3f809cc1ce77251d560bc036d3a312b96db1afe76db2e", size = 551927, upload-time = "2025-06-13T14:07:45.51Z" },
    { url = "https://files.pythonhosted.org/packages/19/62/876b27c4ff777db4ceba1c69ea90d3c825bb4f8d5e7cd987ce5802e33c55/pyzmq-27.0.0-cp313-cp313t-macosx_10_15_universal2.whl", hash = "sha256:c36ad534c0c29b4afa088dc53543c525b23c0797e01b69fef59b1a9c0e38b688", size = 1340826, upload-time = "2025-06-13T14:07:46.881Z" },
    { url = "https://files.pythonhosted.org/packages/43/69/58ef8f4f59d3bcd505260c73bee87b008850f45edca40ddaba54273c35f4/pyzmq-27.0.0-cp313-cp313t-manylinux2014_i686.manylinux_2_17_i686.whl", hash = "sha256:67855c14173aec36395d7777aaba3cc527b393821f30143fd20b98e1ff31fd38", size = 897283, upload-time = "2025-06-13T14:07:49.562Z" },
    { url = "https://files.pythonhosted.org/packages/43/15/93a0d0396700a60475ad3c5d42c5f1c308d3570bc94626b86c71ef9953e0/pyzmq-27.0.0-cp313-cp313t-manylinux_2_27_aarch64.manylinux_2_28_aarch64.whl", hash = "sha256:8617c7d43cd8ccdb62aebe984bfed77ca8f036e6c3e46dd3dddda64b10f0ab7a", size = 660567, upload-time = "2025-06-13T14:07:51.364Z" },
    { url = "https://files.pythonhosted.org/packages/0e/b3/fe055513e498ca32f64509abae19b9c9eb4d7c829e02bd8997dd51b029eb/pyzmq-27.0.0-cp313-cp313t-manylinux_2_27_x86_64.manylinux_2_28_x86_64.whl", hash = "sha256:67bfbcbd0a04c575e8103a6061d03e393d9f80ffdb9beb3189261e9e9bc5d5e9", size = 847681, upload-time = "2025-06-13T14:07:52.77Z" },
    { url = "https://files.pythonhosted.org/packages/b6/4f/ff15300b00b5b602191f3df06bbc8dd4164e805fdd65bb77ffbb9c5facdc/pyzmq-27.0.0-cp313-cp313t-musllinux_1_2_aarch64.whl", hash = "sha256:5cd11d46d7b7e5958121b3eaf4cd8638eff3a720ec527692132f05a57f14341d", size = 1650148, upload-time = "2025-06-13T14:07:54.178Z" },
    { url = "https://files.pythonhosted.org/packages/c4/6f/84bdfff2a224a6f26a24249a342e5906993c50b0761e311e81b39aef52a7/pyzmq-27.0.0-cp313-cp313t-musllinux_1_2_i686.whl", hash = "sha256:b801c2e40c5aa6072c2f4876de8dccd100af6d9918d4d0d7aa54a1d982fd4f44", size = 2023768, upload-time = "2025-06-13T14:07:55.714Z" },
    { url = "https://files.pythonhosted.org/packages/64/39/dc2db178c26a42228c5ac94a9cc595030458aa64c8d796a7727947afbf55/pyzmq-27.0.0-cp313-cp313t-musllinux_1_2_x86_64.whl", hash = "sha256:20d5cb29e8c5f76a127c75b6e7a77e846bc4b655c373baa098c26a61b7ecd0ef", size = 1885199, upload-time = "2025-06-13T14:07:57.166Z" },
    { url = "https://files.pythonhosted.org/packages/c7/21/dae7b06a1f8cdee5d8e7a63d99c5d129c401acc40410bef2cbf42025e26f/pyzmq-27.0.0-cp313-cp313t-win32.whl", hash = "sha256:a20528da85c7ac7a19b7384e8c3f8fa707841fd85afc4ed56eda59d93e3d98ad", size = 575439, upload-time = "2025-06-13T14:07:58.959Z" },
    { url = "https://files.pythonhosted.org/packages/eb/bc/1709dc55f0970cf4cb8259e435e6773f9946f41a045c2cb90e870b7072da/pyzmq-27.0.0-cp313-cp313t-win_amd64.whl", hash = "sha256:d8229f2efece6a660ee211d74d91dbc2a76b95544d46c74c615e491900dc107f", size = 639933, upload-time = "2025-06-13T14:08:00.777Z" },
    { url = "https://files.pythonhosted.org/packages/98/a6/92394373b8dbc1edc9d53c951e8d3989d518185174ee54492ec27711779d/pyzmq-27.0.0-pp311-pypy311_pp73-macosx_10_15_x86_64.whl", hash = "sha256:cd1dc59763effd1576f8368047c9c31468fce0af89d76b5067641137506792ae", size = 835948, upload-time = "2025-06-13T14:08:43.516Z" },
    { url = "https://files.pythonhosted.org/packages/56/f3/4dc38d75d9995bfc18773df3e41f2a2ca9b740b06f1a15dbf404077e7588/pyzmq-27.0.0-pp311-pypy311_pp73-manylinux2014_i686.manylinux_2_17_i686.whl", hash = "sha256:60e8cc82d968174650c1860d7b716366caab9973787a1c060cf8043130f7d0f7", size = 799874, upload-time = "2025-06-13T14:08:45.017Z" },
    { url = "https://files.pythonhosted.org/packages/ab/ba/64af397e0f421453dc68e31d5e0784d554bf39013a2de0872056e96e58af/pyzmq-27.0.0-pp311-pypy311_pp73-manylinux_2_27_aarch64.manylinux_2_28_aarch64.whl", hash = "sha256:14fe7aaac86e4e93ea779a821967360c781d7ac5115b3f1a171ced77065a0174", size = 567400, upload-time = "2025-06-13T14:08:46.855Z" },
    { url = "https://files.pythonhosted.org/packages/63/87/ec956cbe98809270b59a22891d5758edae147a258e658bf3024a8254c855/pyzmq-27.0.0-pp311-pypy311_pp73-manylinux_2_27_x86_64.manylinux_2_28_x86_64.whl", hash = "sha256:6ad0562d4e6abb785be3e4dd68599c41be821b521da38c402bc9ab2a8e7ebc7e", size = 747031, upload-time = "2025-06-13T14:08:48.419Z" },
    { url = "https://files.pythonhosted.org/packages/be/8a/4a3764a68abc02e2fbb0668d225b6fda5cd39586dd099cee8b2ed6ab0452/pyzmq-27.0.0-pp311-pypy311_pp73-win_amd64.whl", hash = "sha256:9df43a2459cd3a3563404c1456b2c4c69564daa7dbaf15724c09821a3329ce46", size = 544726, upload-time = "2025-06-13T14:08:49.903Z" },
]

[[package]]
name = "reedsolo"
version = "1.7.0"
source = { registry = "https://pypi.org/simple" }
sdist = { url = "https://files.pythonhosted.org/packages/f7/61/a67338cbecf370d464e71b10e9a31355f909d6937c3a8d6b17dd5d5beb5e/reedsolo-1.7.0.tar.gz", hash = "sha256:c1359f02742751afe0f1c0de9f0772cc113835aa2855d2db420ea24393c87732", size = 59723, upload-time = "2023-01-17T05:10:19.733Z" }
wheels = [
    { url = "https://files.pythonhosted.org/packages/09/19/1bb346c0e581557c88946d2bb979b2bee8992e72314cfb418b5440e383db/reedsolo-1.7.0-py3-none-any.whl", hash = "sha256:2b6a3e402a1ee3e1eea3f932f81e6c0b7bbc615588074dca1dbbcdeb055002bd", size = 32360, upload-time = "2023-01-17T05:10:17.652Z" },
]
